
Microsoft Visual Studio Solution File, Format Version 10.00
# Visual Studio 2008
Project("{FAE04EC0-301F-11D3-BF4B-00C04F79EFBC}") = "FP", "FP\FP.csproj", "{DA5CC155-051E-4084-8CB6-5061C1622CC9}"
EndProject
Project("{FAE04EC0-301F-11D3-BF4B-00C04F79EFBC}") = "FingerPrints", "FingerPrints\FingerPrints.csproj", "{482BC980-67F6-487D-B034-638864AAFC7E}"
EndProject
Global
	GlobalSection(SolutionConfigurationPlatforms) = preSolution
		Debug|Any CPU = Debug|Any CPU
		Release|Any CPU = Release|Any CPU
	EndGlobalSection
	GlobalSection(ProjectConfigurationPlatforms) = postSolution
		{DA5CC155-051E-4084-8CB6-5061C1622CC9}.Debug|Any CPU.ActiveCfg = Debug|Any CPU
		{DA5CC155-051E-4084-8CB6-5061C1622CC9}.Debug|Any CPU.Build.0 = Debug|Any CPU
		{DA5CC155-051E-4084-8CB6-5061C1622CC9}.Release|Any CPU.ActiveCfg = Release|Any CPU
		{DA5CC155-051E-4084-8CB6-5061C1622CC9}.Release|Any CPU.Build.0 = Release|Any CPU
		{482BC980-67F6-487D-B034-638864AAFC7E}.Debug|Any CPU.ActiveCfg = Debug|Any CPU
		{482BC980-67F6-487D-B034-638864AAFC7E}.Debug|Any CPU.Build.0 = Debug|Any CPU
		{482BC980-67F6-487D-B034-638864AAFC7E}.Release|Any CPU.ActiveCfg = Release|Any CPU
		{482BC980-67F6-487D-B034-638864AAFC7E}.Release|Any CPU.Build.0 = Release|Any CPU
	EndGlobalSection
	GlobalSection(SolutionProperties) = preSolution
		HideSolutionNode = FALSE
	EndGlobalSection
EndGlobal
